
Microsoft Visual Studio Solution File, Format Version 12.00
# Visual Studio Version 17
VisualStudioVersion = 17.5.33414.496
MinimumVisualStudioVersion = 10.0.40219.1
Project("{9A19103F-16F7-4668-BE54-9A1E7A4F7556}") = "LearningCSharpLesson3", "LearningCSharp\LearningCSharpLesson3.csproj", "{F141B4B3-739C-4D62-969C-3551874AA499}"
EndProject
Project("{FAE04EC0-301F-11D3-BF4B-00C04F79EFBC}") = "LearningCSharpLesson4", "LearningCSharpLesson4\LearningCSharpLesson4.csproj", "{6497E3DB-A896-483E-8603-3E6025777EB1}"
EndProject
Global
	GlobalSection(SolutionConfigurationPlatforms) = preSolution
		Debug|Any CPU = Debug|Any CPU
		Release|Any CPU = Release|Any CPU
	EndGlobalSection
	GlobalSection(ProjectConfigurationPlatforms) = postSolution
		{F141B4B3-739C-4D62-969C-3551874AA499}.Debug|Any CPU.ActiveCfg = Debug|Any CPU
		{F141B4B3-739C-4D62-969C-3551874AA499}.Debug|Any CPU.Build.0 = Debug|Any CPU
		{F141B4B3-739C-4D62-969C-3551874AA499}.Release|Any CPU.ActiveCfg = Release|Any CPU
		{F141B4B3-739C-4D62-969C-3551874AA499}.Release|Any CPU.Build.0 = Release|Any CPU
		{6497E3DB-A896-483E-8603-3E6025777EB1}.Debug|Any CPU.ActiveCfg = Debug|Any CPU
		{6497E3DB-A896-483E-8603-3E6025777EB1}.Debug|Any CPU.Build.0 = Debug|Any CPU
		{6497E3DB-A896-483E-8603-3E6025777EB1}.Release|Any CPU.ActiveCfg = Release|Any CPU
		{6497E3DB-A896-483E-8603-3E6025777EB1}.Release|Any CPU.Build.0 = Release|Any CPU
	EndGlobalSection
	GlobalSection(SolutionProperties) = preSolution
		HideSolutionNode = FALSE
	EndGlobalSection
	GlobalSection(ExtensibilityGlobals) = postSolution
		SolutionGuid = {6B4D5D63-9B45-489F-842D-8BC97CA07C4B}
	EndGlobalSection
EndGlobal
